{
  "name": "bufx",
  "version": "1.0.0",
  "lockfileVersion": 1,
  "requires": true,
  "dependencies": {
    "prettier": {
      "version": "1.13.4",
      "resolved": "https://registry.npmjs.org/prettier/-/prettier-1.13.4.tgz",
      "integrity": "sha512-emsEZ2bAigL1lq6ssgkpPm1MIBqgeTvcp90NxOP5XDqprub/V/WS2Hfgih3mS7/1dqTUvhG+sxx1Dv8crnVexA=="
    },
    "ramda": {
      "version": "0.25.0",
      "resolved": "https://registry.npmjs.org/ramda/-/ramda-0.25.0.tgz",
      "integrity": "sha512-GXpfrYVPwx3K7RQ6aYT8KPS8XViSXUVJT1ONhoKPE9VAleW42YE+U+8VEyGWt41EnEQW7gwecYJriTI0pKoecQ=="
    }
  }
}
